lockfileVersion: 5.4

specifiers:
  rollup: ^3.19.0
  rollup-plugin-import-css: ^3.2.1

devDependencies:
  rollup: 3.19.0
  rollup-plugin-import-css: 3.2.1_rollup@3.19.0

packages:

  /@rollup/pluginutils/5.0.2_rollup@3.19.0:
    resolution: {integrity: sha512-pTd9rIsP92h+B6wWwFbW8RkZv4hiR/xKsqre4SIuAOaOEQRxi0lqLke9k2/7WegC85GgUs9pjmOjCUi3In4vwA==}
    engines: {node: '>=14.0.0'}
    peerDependencies:
      rollup: ^1.20.0||^2.0.0||^3.0.0
    peerDependenciesMeta:
      rollup:
        optional: true
    dependencies:
      '@types/estree': 1.0.0
      estree-walker: 2.0.2
      picomatch: 2.3.1
      rollup: 3.19.0
    dev: true

  /@types/estree/1.0.0:
    resolution: {integrity: sha512-WulqXMDUTYAXCjZnk6JtIHPigp55cVtDgDrO2gHRwhyJto21+1zbVCtOYB2L1F9w4qCQ0rOGWBnBe0FNTiEJIQ==}
    dev: true

  /estree-walker/2.0.2:
    resolution: {integrity: sha512-Rfkk/Mp/DL7JVje3u18FxFujQlTNR2q6QfMSMB7AvCBx91NGj/ba3kCfza0f6dVDbw7YlRf/nDrn7pQrCCyQ/w==}
    dev: true

  /fsevents/2.3.2:
    resolution: {integrity: sha512-xiqMQR4xAeHTuB9uWm+fFRcIOgKBMiOBP+eXiyT7jsgVCq1bkVygt00oASowB7EdtpOHaaPgKt812P9ab+DDKA==}
    engines: {node: ^8.16.0 || ^10.6.0 || >=11.0.0}
    os: [darwin]
    requiresBuild: true
    dev: true
    optional: true

  /picomatch/2.3.1:
    resolution: {integrity: sha512-JU3teHTNjmE2VCGFzuY8EXzCDVwEqB2a8fsIvwaStHhAWJEeVd1o1QD80CU6+ZdEXXSLbSsuLwJjkCBWqRQUVA==}
    engines: {node: '>=8.6'}
    dev: true

  /rollup-plugin-import-css/3.2.1_rollup@3.19.0:
    resolution: {integrity: sha512-svr1JrBknT5ndEUM8nPaemTx/uF/5Tf4FAMQxvAYx2K9Sx7hL+JwB/rPuB1ZmUE1rjCnQHnz/fgik+noYM5+0w==}
    peerDependencies:
      rollup: ^2.x.x || ^3.x.x
    dependencies:
      '@rollup/pluginutils': 5.0.2_rollup@3.19.0
      rollup: 3.19.0
    dev: true

  /rollup/3.19.0:
    resolution: {integrity: sha512-xZzJZlH9Ca6cosfdNGPwl2z7Pby8dTi9TrYLPeg6/j7aUoDOhBd706tCUFvbiBj45h/cS7z/a4gS8xd5Yg0jBw==}
    engines: {node: '>=14.18.0', npm: '>=8.0.0'}
    hasBin: true
    optionalDependencies:
      fsevents: 2.3.2
    dev: true
